// !$*UTF8*$!
{
	archiveVersion = 1;
	classes = {
	};
	objectVersion = 77;
	objects = {

/* Begin PBXBuildFile section */
		02F66C9B2F62C05F007588CC /* AppDelegate.swift in Sources */ = {isa = PBXBuildFile; fileRef = 02F66C9A2F62C05F007588CC /* AppDelegate.swift */; };
		02F66C9F2F62C05F007588CC /* Main.html in Resources */ = {isa = PBXBuildFile; fileRef = 02F66C9D2F62C05F007588CC /* Main.html */; };
		02F66CA12F62C05F007588CC /* Icon.png in Resources */ = {isa = PBXBuildFile; fileRef = 02F66CA02F62C05F007588CC /* Icon.png */; };
		02F66CA32F62C05F007588CC /* Style.css in Resources */ = {isa = PBXBuildFile; fileRef = 02F66CA22F62C05F007588CC /* Style.css */; };
		02F66CA52F62C05F007588CC /* Script.js in Resources */ = {isa = PBXBuildFile; fileRef = 02F66CA42F62C05F007588CC /* Script.js */; };
		02F66CA72F62C05F007588CC /* ViewController.swift in Sources */ = {isa = PBXBuildFile; fileRef = 02F66CA62F62C05F007588CC /* ViewController.swift */; };
		02F66CAA2F62C05F007588CC /* Main.storyboard in Resources */ = {isa = PBXBuildFile; fileRef = 02F66CA82F62C05F007588CC /* Main.storyboard */; };
		02F66CAC2F62C060007588CC /* Assets.xcassets in Resources */ = {isa = PBXBuildFile; fileRef = 02F66CAB2F62C060007588CC /* Assets.xcassets */; };
		02F66CB32F62C060007588CC /* BuildermarkSafari Extension.appex in Embed Foundation Extensions */ = {isa = PBXBuildFile; fileRef = 02F66CB22F62C060007588CC /* BuildermarkSafari Extension.appex */; settings = {ATTRIBUTES = (RemoveHeadersOnCopy, ); }; };
		02F66CB82F62C060007588CC /* SafariWebExtensionHandler.swift in Sources */ = {isa = PBXBuildFile; fileRef = 02F66CB72F62C060007588CC /* SafariWebExtensionHandler.swift */; };
		02F66CCB2F62C060007588CC /* background in Resources */ = {isa = PBXBuildFile; fileRef = 02F66CC42F62C060007588CC /* background */; };
		02F66CCC2F62C060007588CC /* popup in Resources */ = {isa = PBXBuildFile; fileRef = 02F66CC52F62C060007588CC /* popup */; };
		02F66CCD2F62C060007588CC /* content in Resources */ = {isa = PBXBuildFile; fileRef = 02F66CC62F62C060007588CC /* content */; };
		02F66CCE2F62C060007588CC /* shared in Resources */ = {isa = PBXBuildFile; fileRef = 02F66CC72F62C060007588CC /* shared */; };
		02F66CCF2F62C060007588CC /* icons in Resources */ = {isa = PBXBuildFile; fileRef = 02F66CC82F62C060007588CC /* icons */; };
		02F66CD02F62C060007588CC /* manifest.json in Resources */ = {isa = PBXBuildFile; fileRef = 02F66CC92F62C060007588CC /* manifest.json */; };
		02F66CD12F62C060007588CC /* web_accessible in Resources */ = {isa = PBXBuildFile; fileRef = 02F66CCA2F62C060007588CC /* web_accessible */; };
/* End PBXBuildFile section */

/* Begin PBXContainerItemProxy section */
		02F66CB42F62C060007588CC /* PBXContainerItemProxy */ = {
			isa = PBXContainerItemProxy;
			containerPortal = 02F66C8F2F62C05F007588CC /* Project object */;
			proxyType = 1;
			remoteGlobalIDString = 02F66CB12F62C060007588CC;
			remoteInfo = "BuildermarkSafari Extension";
		};
/* End PBXContainerItemProxy section */

/* Begin PBXCopyFilesBuildPhase section */
		02F66CBF2F62C060007588CC /* Embed Foundation Extensions */ = {
			isa = PBXCopyFilesBuildPhase;
			buildActionMask = 2147483647;
			dstPath = "";
			dstSubfolderSpec = 13;
			files = (
				02F66CB32F62C060007588CC /* BuildermarkSafari Extension.appex in Embed Foundation Extensions */,
			);
			name = "Embed Foundation Extensions";
			runOnlyForDeploymentPostprocessing = 0;
		};
/* End PBXCopyFilesBuildPhase section */

/* Begin PBXFileReference section */
		02F66C972F62C05F007588CC /* BuildermarkSafari.app */ = {isa = PBXFileReference; explicitFileType = wrapper.application; includeInIndex = 0; path = BuildermarkSafari.app; sourceTree = BUILT_PRODUCTS_DIR; };
		02F66C9A2F62C05F007588CC /* AppDelegate.swift */ = {isa = PBXFileReference; lastKnownFileType = sourcecode.swift; path = AppDelegate.swift; sourceTree = "<group>"; };
		02F66C9E2F62C05F007588CC /* Base */ = {isa = PBXFileReference; lastKnownFileType = text.html; name = Base; path = Base.lproj/Main.html; sourceTree = "<group>"; };
		02F66CA02F62C05F007588CC /* Icon.png */ = {isa = PBXFileReference; lastKnownFileType = image.png; path = Icon.png; sourceTree = "<group>"; };
		02F66CA22F62C05F007588CC /* Style.css */ = {isa = PBXFileReference; lastKnownFileType = text.css; path = Style.css; sourceTree = "<group>"; };
		02F66CA42F62C05F007588CC /* Script.js */ = {isa = PBXFileReference; lastKnownFileType = sourcecode.javascript; path = Script.js; sourceTree = "<group>"; };
		02F66CA62F62C05F007588CC /* ViewController.swift */ = {isa = PBXFileReference; lastKnownFileType = sourcecode.swift; path = ViewController.swift; sourceTree = "<group>"; };
		02F66CA92F62C05F007588CC /* Base */ = {isa = PBXFileReference; lastKnownFileType = file.storyboard; name = Base; path = Base.lproj/Main.storyboard; sourceTree = "<group>"; };
		02F66CAB2F62C060007588CC /* Assets.xcassets */ = {isa = PBXFileReference; lastKnownFileType = folder.assetcatalog; path = Assets.xcassets; sourceTree = "<group>"; };
		02F66CAD2F62C060007588CC /* Info.plist */ = {isa = PBXFileReference; lastKnownFileType = text.plist.xml; path = Info.plist; sourceTree = "<group>"; };
		02F66CB22F62C060007588CC /* BuildermarkSafari Extension.appex */ = {isa = PBXFileReference; explicitFileType = "wrapper.app-extension"; includeInIndex = 0; path = "BuildermarkSafari Extension.appex"; sourceTree = BUILT_PRODUCTS_DIR; };
		02F66CB72F62C060007588CC /* SafariWebExtensionHandler.swift */ = {isa = PBXFileReference; lastKnownFileType = sourcecode.swift; path = SafariWebExtensionHandler.swift; sourceTree = "<group>"; };
		02F66CB92F62C060007588CC /* Info.plist */ = {isa = PBXFileReference; lastKnownFileType = text.plist.xml; path = Info.plist; sourceTree = "<group>"; };
		02F66CC42F62C060007588CC /* background */ = {isa = PBXFileReference; lastKnownFileType = folder; name = background; path = ../../../dist/safari/background; sourceTree = "<group>"; };
		02F66CC52F62C060007588CC /* popup */ = {isa = PBXFileReference; lastKnownFileType = folder; name = popup; path = ../../../dist/safari/popup; sourceTree = "<group>"; };
		02F66CC62F62C060007588CC /* content */ = {isa = PBXFileReference; lastKnownFileType = folder; name = content; path = ../../../dist/safari/content; sourceTree = "<group>"; };
		02F66CC72F62C060007588CC /* shared */ = {isa = PBXFileReference; lastKnownFileType = folder; name = shared; path = ../../../dist/safari/shared; sourceTree = "<group>"; };
		02F66CC82F62C060007588CC /* icons */ = {isa = PBXFileReference; lastKnownFileType = folder; name = icons; path = ../../../dist/safari/icons; sourceTree = "<group>"; };
		02F66CC92F62C060007588CC /* manifest.json */ = {isa = PBXFileReference; lastKnownFileType = text.json; name = manifest.json; path = ../../../dist/safari/manifest.json; sourceTree = "<group>"; };
		02F66CCA2F62C060007588CC /* web_accessible */ = {isa = PBXFileReference; lastKnownFileType = folder; name = web_accessible; path = ../../../dist/safari/web_accessible; sourceTree = "<group>"; };
/* End PBXFileReference section */

/* Begin PBXFrameworksBuildPhase section */
		02F66C942F62C05F007588CC /* Frameworks */ = {
			isa = PBXFrameworksBuildPhase;
			buildActionMask = 2147483647;
			files = (
			);
			runOnlyForDeploymentPostprocessing = 0;
		};
		02F66CAF2F62C060007588CC /* Frameworks */ = {
			isa = PBXFrameworksBuildPhase;
			buildActionMask = 2147483647;
			files = (
			);
			runOnlyForDeploymentPostprocessing = 0;
		};
/* End PBXFrameworksBuildPhase section */

/* Begin PBXGroup section */
		02F66C8E2F62C05F007588CC = {
			isa = PBXGroup;
			children = (
				02F66C992F62C05F007588CC /* BuildermarkSafari */,
				02F66CB62F62C060007588CC /* BuildermarkSafari Extension */,
				02F66C982F62C05F007588CC /* Products */,
			);
			sourceTree = "<group>";
		};
		02F66C982F62C05F007588CC /* Products */ = {
			isa = PBXGroup;
			children = (
				02F66C972F62C05F007588CC /* BuildermarkSafari.app */,
				02F66CB22F62C060007588CC /* BuildermarkSafari Extension.appex */,
			);
			name = Products;
			sourceTree = "<group>";
		};
		02F66C992F62C05F007588CC /* BuildermarkSafari */ = {
			isa = PBXGroup;
			children = (
				02F66C9A2F62C05F007588CC /* AppDelegate.swift */,
				02F66CA62F62C05F007588CC /* ViewController.swift */,
				02F66CA82F62C05F007588CC /* Main.storyboard */,
				02F66CAB2F62C060007588CC /* Assets.xcassets */,
				02F66CAD2F62C060007588CC /* Info.plist */,
				02F66C9C2F62C05F007588CC /* Resources */,
			);
			path = BuildermarkSafari;
			sourceTree = "<group>";
		};
		02F66C9C2F62C05F007588CC /* Resources */ = {
			isa = PBXGroup;
			children = (
				02F66C9D2F62C05F007588CC /* Main.html */,
				02F66CA02F62C05F007588CC /* Icon.png */,
				02F66CA22F62C05F007588CC /* Style.css */,
				02F66CA42F62C05F007588CC /* Script.js */,
			);
			path = Resources;
			sourceTree = "<group>";
		};
		02F66CB62F62C060007588CC /* BuildermarkSafari Extension */ = {
			isa = PBXGroup;
			children = (
				02F66CC32F62C060007588CC /* Resources */,
				02F66CB72F62C060007588CC /* SafariWebExtensionHandler.swift */,
				02F66CB92F62C060007588CC /* Info.plist */,
			);
			path = "BuildermarkSafari Extension";
			sourceTree = "<group>";
		};
		02F66CC32F62C060007588CC /* Resources */ = {
			isa = PBXGroup;
			children = (
				02F66CC42F62C060007588CC /* background */,
				02F66CC52F62C060007588CC /* popup */,
				02F66CC62F62C060007588CC /* content */,
				02F66CC72F62C060007588CC /* shared */,
				02F66CC82F62C060007588CC /* icons */,
				02F66CC92F62C060007588CC /* manifest.json */,
				02F66CCA2F62C060007588CC /* web_accessible */,
			);
			name = Resources;
			path = "BuildermarkSafari Extension";
			sourceTree = SOURCE_ROOT;
		};
/* End PBXGroup section */

/* Begin PBXNativeTarget section */
		02F66C962F62C05F007588CC /* BuildermarkSafari */ = {
			isa = PBXNativeTarget;
			buildConfigurationList = 02F66CC02F62C060007588CC /* Build configuration list for PBXNativeTarget "BuildermarkSafari" */;
			buildPhases = (
				02F66C932F62C05F007588CC /* Sources */,
				02F66C942F62C05F007588CC /* Frameworks */,
				02F66C952F62C05F007588CC /* Resources */,
				02F66CBF2F62C060007588CC /* Embed Foundation Extensions */,
			);
			buildRules = (
			);
			dependencies = (
				02F66CB52F62C060007588CC /* PBXTargetDependency */,
			);
			name = BuildermarkSafari;
			packageProductDependencies = (
			);
			productName = BuildermarkSafari;
			productReference = 02F66C972F62C05F007588CC /* BuildermarkSafari.app */;
			productType = "com.apple.product-type.application";
		};
		02F66CB12F62C060007588CC /* BuildermarkSafari Extension */ = {
			isa = PBXNativeTarget;
			buildConfigurationList = 02F66CBC2F62C060007588CC /* Build configuration list for PBXNativeTarget "BuildermarkSafari Extension" */;
			buildPhases = (
				02F66CAE2F62C060007588CC /* Sources */,
				02F66CAF2F62C060007588CC /* Frameworks */,
				02F66CB02F62C060007588CC /* Resources */,
			);
			buildRules = (
			);
			dependencies = (
			);
			name = "BuildermarkSafari Extension";
			packageProductDependencies = (
			);
			productName = "BuildermarkSafari Extension";
			productReference = 02F66CB22F62C060007588CC /* BuildermarkSafari Extension.appex */;
			productType = "com.apple.product-type.app-extension";
		};
/* End PBXNativeTarget section */

/* Begin PBXProject section */
		02F66C8F2F62C05F007588CC /* Project object */ = {
			isa = PBXProject;
			attributes = {
				BuildIndependentTargetsInParallel = 1;
				LastSwiftUpdateCheck = 2630;
				LastUpgradeCheck = 2630;
				TargetAttributes = {
					02F66C962F62C05F007588CC = {
						CreatedOnToolsVersion = 26.3;
					};
					02F66CB12F62C060007588CC = {
						CreatedOnToolsVersion = 26.3;
					};
				};
			};
			buildConfigurationList = 02F66C922F62C05F007588CC /* Build configuration list for PBXProject "BuildermarkSafari" */;
			developmentRegion = en;
			hasScannedForEncodings = 0;
			knownRegions = (
				en,
				Base,
			);
			mainGroup = 02F66C8E2F62C05F007588CC;
			minimizedProjectReferenceProxies = 1;
			preferredProjectObjectVersion = 77;
			productRefGroup = 02F66C982F62C05F007588CC /* Products */;
			projectDirPath = "";
			projectRoot = "";
			targets = (
				02F66C962F62C05F007588CC /* BuildermarkSafari */,
				02F66CB12F62C060007588CC /* BuildermarkSafari Extension */,
			);
		};
/* End PBXProject section */

/* Begin PBXResourcesBuildPhase section */
		02F66C952F62C05F007588CC /* Resources */ = {
			isa = PBXResourcesBuildPhase;
			buildActionMask = 2147483647;
			files = (
				02F66CA12F62C05F007588CC /* Icon.png in Resources */,
				02F66CAA2F62C05F007588CC /* Main.storyboard in Resources */,
				02F66CA52F62C05F007588CC /* Script.js in Resources */,
				02F66C9F2F62C05F007588CC /* Main.html in Resources */,
				02F66CAC2F62C060007588CC /* Assets.xcassets in Resources */,
				02F66CA32F62C05F007588CC /* Style.css in Resources */,
			);
			runOnlyForDeploymentPostprocessing = 0;
		};
		02F66CB02F62C060007588CC /* Resources */ = {
			isa = PBXResourcesBuildPhase;
			buildActionMask = 2147483647;
			files = (
				02F66CCD2F62C060007588CC /* content in Resources */,
				02F66CCE2F62C060007588CC /* shared in Resources */,
				02F66CCB2F62C060007588CC /* background in Resources */,
				02F66CCF2F62C060007588CC /* icons in Resources */,
				02F66CD12F62C060007588CC /* web_accessible in Resources */,
				02F66CD02F62C060007588CC /* manifest.json in Resources */,
				02F66CCC2F62C060007588CC /* popup in Resources */,
			);
			runOnlyForDeploymentPostprocessing = 0;
		};
/* End PBXResourcesBuildPhase section */

/* Begin PBXSourcesBuildPhase section */
		02F66C932F62C05F007588CC /* Sources */ = {
			isa = PBXSourcesBuildPhase;
			buildActionMask = 2147483647;
			files = (
				02F66CA72F62C05F007588CC /* ViewController.swift in Sources */,
				02F66C9B2F62C05F007588CC /* AppDelegate.swift in Sources */,
			);
			runOnlyForDeploymentPostprocessing = 0;
		};
		02F66CAE2F62C060007588CC /* Sources */ = {
			isa = PBXSourcesBuildPhase;
			buildActionMask = 2147483647;
			files = (
				02F66CB82F62C060007588CC /* SafariWebExtensionHandler.swift in Sources */,
			);
			runOnlyForDeploymentPostprocessing = 0;
		};
/* End PBXSourcesBuildPhase section */

/* Begin PBXTargetDependency section */
		02F66CB52F62C060007588CC /* PBXTargetDependency */ = {
			isa = PBXTargetDependency;
			target = 02F66CB12F62C060007588CC /* BuildermarkSafari Extension */;
			targetProxy = 02F66CB42F62C060007588CC /* PBXContainerItemProxy */;
		};
/* End PBXTargetDependency section */

/* Begin PBXVariantGroup section */
		02F66C9D2F62C05F007588CC /* Main.html */ = {
			isa = PBXVariantGroup;
			children = (
				02F66C9E2F62C05F007588CC /* Base */,
			);
			name = Main.html;
			sourceTree = "<group>";
		};
		02F66CA82F62C05F007588CC /* Main.storyboard */ = {
			isa = PBXVariantGroup;
			children = (
				02F66CA92F62C05F007588CC /* Base */,
			);
			name = Main.storyboard;
			sourceTree = "<group>";
		};
/* End PBXVariantGroup section */

/* Begin XCBuildConfiguration section */
		02F66CBA2F62C060007588CC /* Debug */ = {
			isa = XCBuildConfiguration;
			buildSettings = {
				ALWAYS_SEARCH_USER_PATHS = NO;
				ASSETCATALOG_COMPILER_GENERATE_SWIFT_ASSET_SYMBOL_EXTENSIONS = YES;
				CLANG_ANALYZER_NONNULL = YES;
				CLANG_ANALYZER_NUMBER_OBJECT_CONVERSION = YES_AGGRESSIVE;
				CLANG_CXX_LANGUAGE_STANDARD = "gnu++20";
				CLANG_ENABLE_MODULES = YES;
				CLANG_ENABLE_OBJC_ARC = YES;
				CLANG_ENABLE_OBJC_WEAK = YES;
				CLANG_WARN_BLOCK_CAPTURE_AUTORELEASING = YES;
				CLANG_WARN_BOOL_CONVERSION = YES;
				CLANG_WARN_COMMA = YES;
				CLANG_WARN_CONSTANT_CONVERSION = YES;
				CLANG_WARN_DEPRECATED_OBJC_IMPLEMENTATIONS = YES;
				CLANG_WARN_DIRECT_OBJC_ISA_USAGE = YES_ERROR;
				CLANG_WARN_DOCUMENTATION_COMMENTS = YES;
				CLANG_WARN_EMPTY_BODY = YES;
				CLANG_WARN_ENUM_CONVERSION = YES;
				CLANG_WARN_INFINITE_RECURSION = YES;
				CLANG_WARN_INT_CONVERSION = YES;
				CLANG_WARN_NON_LITERAL_NULL_CONVERSION = YES;
				CLANG_WARN_OBJC_IMPLICIT_RETAIN_SELF = YES;
				CLANG_WARN_OBJC_LITERAL_CONVERSION = YES;
				CLANG_WARN_OBJC_ROOT_CLASS = YES_ERROR;
				CLANG_WARN_QUOTED_INCLUDE_IN_FRAMEWORK_HEADER = YES;
				CLANG_WARN_RANGE_LOOP_ANALYSIS = YES;
				CLANG_WARN_STRICT_PROTOTYPES = YES;
				CLANG_WARN_SUSPICIOUS_MOVE = YES;
				CLANG_WARN_UNGUARDED_AVAILABILITY = YES_AGGRESSIVE;
				CLANG_WARN_UNREACHABLE_CODE = YES;
				CLANG_WARN__DUPLICATE_METHOD_MATCH = YES;
				COPY_PHASE_STRIP = NO;
				DEBUG_INFORMATION_FORMAT = dwarf;
				ENABLE_STRICT_OBJC_MSGSEND = YES;
				ENABLE_TESTABILITY = YES;
				ENABLE_USER_SCRIPT_SANDBOXING = YES;
				GCC_C_LANGUAGE_STANDARD = gnu17;
				GCC_DYNAMIC_NO_PIC = NO;
				GCC_NO_COMMON_BLOCKS = YES;
				GCC_OPTIMIZATION_LEVEL = 0;
				GCC_PREPROCESSOR_DEFINITIONS = (
					"DEBUG=1",
					"$(inherited)",
				);
				GCC_WARN_64_TO_32_BIT_CONVERSION = YES;
				GCC_WARN_ABOUT_RETURN_TYPE = YES_ERROR;
				GCC_WARN_UNDECLARED_SELECTOR = YES;
				GCC_WARN_UNINITIALIZED_AUTOS = YES_AGGRESSIVE;
				GCC_WARN_UNUSED_FUNCTION = YES;
				GCC_WARN_UNUSED_VARIABLE = YES;
				LOCALIZATION_PREFERS_STRING_CATALOGS = YES;
				MACOSX_DEPLOYMENT_TARGET = 15.7;
				MTL_ENABLE_DEBUG_INFO = INCLUDE_SOURCE;
				MTL_FAST_MATH = YES;
				ONLY_ACTIVE_ARCH = YES;
				SDKROOT = macosx;
				SWIFT_ACTIVE_COMPILATION_CONDITIONS = "DEBUG $(inherited)";
				SWIFT_OPTIMIZATION_LEVEL = "-Onone";
			};
			name = Debug;
		};
		02F66CBB2F62C060007588CC /* Release */ = {
			isa = XCBuildConfiguration;
			buildSettings = {
				ALWAYS_SEARCH_USER_PATHS = NO;
				ASSETCATALOG_COMPILER_GENERATE_SWIFT_ASSET_SYMBOL_EXTENSIONS = YES;
				CLANG_ANALYZER_NONNULL = YES;
				CLANG_ANALYZER_NUMBER_OBJECT_CONVERSION = YES_AGGRESSIVE;
				CLANG_CXX_LANGUAGE_STANDARD = "gnu++20";
				CLANG_ENABLE_MODULES = YES;
				CLANG_ENABLE_OBJC_ARC = YES;
				CLANG_ENABLE_OBJC_WEAK = YES;
				CLANG_WARN_BLOCK_CAPTURE_AUTORELEASING = YES;
				CLANG_WARN_BOOL_CONVERSION = YES;
				CLANG_WARN_COMMA = YES;
				CLANG_WARN_CONSTANT_CONVERSION = YES;
				CLANG_WARN_DEPRECATED_OBJC_IMPLEMENTATIONS = YES;
				CLANG_WARN_DIRECT_OBJC_ISA_USAGE = YES_ERROR;
				CLANG_WARN_DOCUMENTATION_COMMENTS = YES;
				CLANG_WARN_EMPTY_BODY = YES;
				CLANG_WARN_ENUM_CONVERSION = YES;
				CLANG_WARN_INFINITE_RECURSION = YES;
				CLANG_WARN_INT_CONVERSION = YES;
				CLANG_WARN_NON_LITERAL_NULL_CONVERSION = YES;
				CLANG_WARN_OBJC_IMPLICIT_RETAIN_SELF = YES;
				CLANG_WARN_OBJC_LITERAL_CONVERSION = YES;
				CLANG_WARN_OBJC_ROOT_CLASS = YES_ERROR;
				CLANG_WARN_QUOTED_INCLUDE_IN_FRAMEWORK_HEADER = YES;
				CLANG_WARN_RANGE_LOOP_ANALYSIS = YES;
				CLANG_WARN_STRICT_PROTOTYPES = YES;
				CLANG_WARN_SUSPICIOUS_MOVE = YES;
				CLANG_WARN_UNGUARDED_AVAILABILITY = YES_AGGRESSIVE;
				CLANG_WARN_UNREACHABLE_CODE = YES;
				CLANG_WARN__DUPLICATE_METHOD_MATCH = YES;
				COPY_PHASE_STRIP = NO;
				DEBUG_INFORMATION_FORMAT = "dwarf-with-dsym";
				ENABLE_NS_ASSERTIONS = NO;
				ENABLE_STRICT_OBJC_MSGSEND = YES;
				ENABLE_USER_SCRIPT_SANDBOXING = YES;
				GCC_C_LANGUAGE_STANDARD = gnu17;
				GCC_NO_COMMON_BLOCKS = YES;
				GCC_WARN_64_TO_32_BIT_CONVERSION = YES;
				GCC_WARN_ABOUT_RETURN_TYPE = YES_ERROR;
				GCC_WARN_UNDECLARED_SELECTOR = YES;
				GCC_WARN_UNINITIALIZED_AUTOS = YES_AGGRESSIVE;
				GCC_WARN_UNUSED_FUNCTION = YES;
				GCC_WARN_UNUSED_VARIABLE = YES;
				LOCALIZATION_PREFERS_STRING_CATALOGS = YES;
				MACOSX_DEPLOYMENT_TARGET = 15.7;
				MTL_ENABLE_DEBUG_INFO = NO;
				MTL_FAST_MATH = YES;
				SDKROOT = macosx;
				SWIFT_COMPILATION_MODE = wholemodule;
			};
			name = Release;
		};
		02F66CBD2F62C060007588CC /* Debug */ = {
			isa = XCBuildConfiguration;
			buildSettings = {
				CODE_SIGN_STYLE = Automatic;
				CURRENT_PROJECT_VERSION = 12;
				ENABLE_APP_SANDBOX = YES;
				ENABLE_HARDENED_RUNTIME = YES;
				ENABLE_USER_SELECTED_FILES = readonly;
				GENERATE_INFOPLIST_FILE = YES;
				INFOPLIST_FILE = "BuildermarkSafari Extension/Info.plist";
				INFOPLIST_KEY_CFBundleDisplayName = "BuildermarkSafari Extension";
				INFOPLIST_KEY_NSHumanReadableCopyright = "";
				LD_RUNPATH_SEARCH_PATHS = (
					"$(inherited)",
					"@executable_path/../Frameworks",
					"@executable_path/../../../../Frameworks",
				);
				MACOSX_DEPLOYMENT_TARGET = 10.14;
				MARKETING_VERSION = 1.0;
				OTHER_LDFLAGS = (
					"-framework",
					SafariServices,
				);
				PRODUCT_BUNDLE_IDENTIFIER = dev.buildermark.BuildermarkSafari.Extension;
				PRODUCT_NAME = "$(TARGET_NAME)";
				SKIP_INSTALL = YES;
				STRING_CATALOG_GENERATE_SYMBOLS = YES;
				SWIFT_APPROACHABLE_CONCURRENCY = YES;
				SWIFT_EMIT_LOC_STRINGS = YES;
				SWIFT_UPCOMING_FEATURE_MEMBER_IMPORT_VISIBILITY = YES;
				SWIFT_VERSION = 5.0;
			};
			name = Debug;
		};
		02F66CBE2F62C060007588CC /* Release */ = {
			isa = XCBuildConfiguration;
			buildSettings = {
				CODE_SIGN_STYLE = Automatic;
				CURRENT_PROJECT_VERSION = 12;
				ENABLE_APP_SANDBOX = YES;
				ENABLE_HARDENED_RUNTIME = YES;
				ENABLE_USER_SELECTED_FILES = readonly;
				GENERATE_INFOPLIST_FILE = YES;
				INFOPLIST_FILE = "BuildermarkSafari Extension/Info.plist";
				INFOPLIST_KEY_CFBundleDisplayName = "BuildermarkSafari Extension";
				INFOPLIST_KEY_NSHumanReadableCopyright = "";
				LD_RUNPATH_SEARCH_PATHS = (
					"$(inherited)",
					"@executable_path/../Frameworks",
					"@executable_path/../../../../Frameworks",
				);
				MACOSX_DEPLOYMENT_TARGET = 10.14;
				MARKETING_VERSION = 1.0;
				OTHER_LDFLAGS = (
					"-framework",
					SafariServices,
				);
				PRODUCT_BUNDLE_IDENTIFIER = dev.buildermark.BuildermarkSafari.Extension;
				PRODUCT_NAME = "$(TARGET_NAME)";
				SKIP_INSTALL = YES;
				STRING_CATALOG_GENERATE_SYMBOLS = YES;
				SWIFT_APPROACHABLE_CONCURRENCY = YES;
				SWIFT_EMIT_LOC_STRINGS = YES;
				SWIFT_UPCOMING_FEATURE_MEMBER_IMPORT_VISIBILITY = YES;
				SWIFT_VERSION = 5.0;
			};
			name = Release;
		};
		02F66CC12F62C060007588CC /* Debug */ = {
			isa = XCBuildConfiguration;
			buildSettings = {
				ASSETCATALOG_COMPILER_APPICON_NAME = AppIcon;
				ASSETCATALOG_COMPILER_GLOBAL_ACCENT_COLOR_NAME = AccentColor;
				CODE_SIGN_STYLE = Automatic;
				COMBINE_HIDPI_IMAGES = YES;
				CURRENT_PROJECT_VERSION = 12;
				ENABLE_APP_SANDBOX = YES;
				ENABLE_HARDENED_RUNTIME = YES;
				ENABLE_OUTGOING_NETWORK_CONNECTIONS = YES;
				ENABLE_USER_SELECTED_FILES = readonly;
				GENERATE_INFOPLIST_FILE = YES;
				INFOPLIST_FILE = BuildermarkSafari/Info.plist;
				INFOPLIST_KEY_CFBundleDisplayName = BuildermarkSafari;
				INFOPLIST_KEY_NSHumanReadableCopyright = "";
				INFOPLIST_KEY_NSMainStoryboardFile = Main;
				INFOPLIST_KEY_NSPrincipalClass = NSApplication;
				LD_RUNPATH_SEARCH_PATHS = (
					"$(inherited)",
					"@executable_path/../Frameworks",
				);
				MARKETING_VERSION = 1.0;
				OTHER_LDFLAGS = (
					"-framework",
					SafariServices,
					"-framework",
					WebKit,
				);
				PRODUCT_BUNDLE_IDENTIFIER = dev.buildermark.BuildermarkSafari;
				PRODUCT_NAME = "$(TARGET_NAME)";
				REGISTER_APP_GROUPS = YES;
				STRING_CATALOG_GENERATE_SYMBOLS = YES;
				SWIFT_APPROACHABLE_CONCURRENCY = YES;
				SWIFT_DEFAULT_ACTOR_ISOLATION = MainActor;
				SWIFT_EMIT_LOC_STRINGS = YES;
				SWIFT_UPCOMING_FEATURE_MEMBER_IMPORT_VISIBILITY = YES;
				SWIFT_VERSION = 5.0;
			};
			name = Debug;
		};
		02F66CC22F62C060007588CC /* Release */ = {
			isa = XCBuildConfiguration;
			buildSettings = {
				ASSETCATALOG_COMPILER_APPICON_NAME = AppIcon;
				ASSETCATALOG_COMPILER_GLOBAL_ACCENT_COLOR_NAME = AccentColor;
				CODE_SIGN_STYLE = Automatic;
				COMBINE_HIDPI_IMAGES = YES;
				CURRENT_PROJECT_VERSION = 12;
				ENABLE_APP_SANDBOX = YES;
				ENABLE_HARDENED_RUNTIME = YES;
				ENABLE_OUTGOING_NETWORK_CONNECTIONS = YES;
				ENABLE_USER_SELECTED_FILES = readonly;
				GENERATE_INFOPLIST_FILE = YES;
				INFOPLIST_FILE = BuildermarkSafari/Info.plist;
				INFOPLIST_KEY_CFBundleDisplayName = BuildermarkSafari;
				INFOPLIST_KEY_NSHumanReadableCopyright = "";
				INFOPLIST_KEY_NSMainStoryboardFile = Main;
				INFOPLIST_KEY_NSPrincipalClass = NSApplication;
				LD_RUNPATH_SEARCH_PATHS = (
					"$(inherited)",
					"@executable_path/../Frameworks",
				);
				MARKETING_VERSION = 1.0;
				OTHER_LDFLAGS = (
					"-framework",
					SafariServices,
					"-framework",
					WebKit,
				);
				PRODUCT_BUNDLE_IDENTIFIER = dev.buildermark.BuildermarkSafari;
				PRODUCT_NAME = "$(TARGET_NAME)";
				REGISTER_APP_GROUPS = YES;
				STRING_CATALOG_GENERATE_SYMBOLS = YES;
				SWIFT_APPROACHABLE_CONCURRENCY = YES;
				SWIFT_DEFAULT_ACTOR_ISOLATION = MainActor;
				SWIFT_EMIT_LOC_STRINGS = YES;
				SWIFT_UPCOMING_FEATURE_MEMBER_IMPORT_VISIBILITY = YES;
				SWIFT_VERSION = 5.0;
			};
			name = Release;
		};
/* End XCBuildConfiguration section */

/* Begin XCConfigurationList section */
		02F66C922F62C05F007588CC /* Build configuration list for PBXProject "BuildermarkSafari" */ = {
			isa = XCConfigurationList;
			buildConfigurations = (
				02F66CBA2F62C060007588CC /* Debug */,
				02F66CBB2F62C060007588CC /* Release */,
			);
			defaultConfigurationIsVisible = 0;
			defaultConfigurationName = Release;
		};
		02F66CBC2F62C060007588CC /* Build configuration list for PBXNativeTarget "BuildermarkSafari Extension" */ = {
			isa = XCConfigurationList;
			buildConfigurations = (
				02F66CBD2F62C060007588CC /* Debug */,
				02F66CBE2F62C060007588CC /* Release */,
			);
			defaultConfigurationIsVisible = 0;
			defaultConfigurationName = Release;
		};
		02F66CC02F62C060007588CC /* Build configuration list for PBXNativeTarget "BuildermarkSafari" */ = {
			isa = XCConfigurationList;
			buildConfigurations = (
				02F66CC12F62C060007588CC /* Debug */,
				02F66CC22F62C060007588CC /* Release */,
			);
			defaultConfigurationIsVisible = 0;
			defaultConfigurationName = Release;
		};
/* End XCConfigurationList section */
	};
	rootObject = 02F66C8F2F62C05F007588CC /* Project object */;
}
